
Microsoft Visual Studio Solution File, Format Version 12.00
# Visual Studio Version 16
VisualStudioVersion = 16.0.31019.35
MinimumVisualStudioVersion = 10.0.40219.1
Project("{FAE04EC0-301F-11D3-BF4B-00C04F79EFBC}") = "FetchMates", "FetchMates.csproj", "{6801F9BD-D580-4CD5-AC6F-4C2E81E6D4FE}"
EndProject
Project("{00D1A9C2-B5F0-4AF3-8072-F6C62B433612}") = "FetchMatesData", "..\FetchMatesData\FetchMatesData.sqlproj", "{B5993A6C-C1FB-4072-AE28-F4AC178F6BFA}"
EndProject
Global
	GlobalSection(SolutionConfigurationPlatforms) = preSolution
		Debug|Any CPU = Debug|Any CPU
		Release|Any CPU = Release|Any CPU
	EndGlobalSection
	GlobalSection(ProjectConfigurationPlatforms) = postSolution
		{6801F9BD-D580-4CD5-AC6F-4C2E81E6D4FE}.Debug|Any CPU.ActiveCfg = Debug|Any CPU
		{6801F9BD-D580-4CD5-AC6F-4C2E81E6D4FE}.Debug|Any CPU.Build.0 = Debug|Any CPU
		{6801F9BD-D580-4CD5-AC6F-4C2E81E6D4FE}.Release|Any CPU.ActiveCfg = Release|Any CPU
		{6801F9BD-D580-4CD5-AC6F-4C2E81E6D4FE}.Release|Any CPU.Build.0 = Release|Any CPU
		{B5993A6C-C1FB-4072-AE28-F4AC178F6BFA}.Debug|Any CPU.ActiveCfg = Debug|Any CPU
		{B5993A6C-C1FB-4072-AE28-F4AC178F6BFA}.Debug|Any CPU.Build.0 = Debug|Any CPU
		{B5993A6C-C1FB-4072-AE28-F4AC178F6BFA}.Debug|Any CPU.Deploy.0 = Debug|Any CPU
		{B5993A6C-C1FB-4072-AE28-F4AC178F6BFA}.Release|Any CPU.ActiveCfg = Release|Any CPU
		{B5993A6C-C1FB-4072-AE28-F4AC178F6BFA}.Release|Any CPU.Build.0 = Release|Any CPU
		{B5993A6C-C1FB-4072-AE28-F4AC178F6BFA}.Release|Any CPU.Deploy.0 = Release|Any CPU
	EndGlobalSection
	GlobalSection(SolutionProperties) = preSolution
		HideSolutionNode = FALSE
	EndGlobalSection
	GlobalSection(ExtensibilityGlobals) = postSolution
		SolutionGuid = {8B8111DF-9005-4C58-9608-368E4F05ECA5}
	EndGlobalSection
EndGlobal
